Microsoft Visual Studio Solution File, Format Version 12.00
# Visual Studio 2012
Project("{FAE04EC0-301F-11D3-BF4B-00C04F79EFBC}") = "polarity", "polarity.csproj", "{D2148F05-D971-4DFA-8F77-8E51A02A5B7F}"
EndProject
Global
	GlobalSection(SolutionConfigurationPlatforms) = preSolution
	Debug|Any CPU = Debug|Any CPU
	ExportDebug|Any CPU = ExportDebug|Any CPU
	ExportRelease|Any CPU = ExportRelease|Any CPU
	EndGlobalSection
	GlobalSection(ProjectConfigurationPlatforms) = postSolution
		{D2148F05-D971-4DFA-8F77-8E51A02A5B7F}.Debug|Any CPU.ActiveCfg = Debug|Any CPU
		{D2148F05-D971-4DFA-8F77-8E51A02A5B7F}.Debug|Any CPU.Build.0 = Debug|Any CPU
		{D2148F05-D971-4DFA-8F77-8E51A02A5B7F}.ExportDebug|Any CPU.ActiveCfg = ExportDebug|Any CPU
		{D2148F05-D971-4DFA-8F77-8E51A02A5B7F}.ExportDebug|Any CPU.Build.0 = ExportDebug|Any CPU
		{D2148F05-D971-4DFA-8F77-8E51A02A5B7F}.ExportRelease|Any CPU.ActiveCfg = ExportRelease|Any CPU
		{D2148F05-D971-4DFA-8F77-8E51A02A5B7F}.ExportRelease|Any CPU.Build.0 = ExportRelease|Any CPU
	EndGlobalSection
EndGlobal
